
Microsoft Visual Studio Solution File, Format Version 12.00
# Visual Studio Version 16
VisualStudioVersion = 16.0.31729.503
MinimumVisualStudioVersion = 10.0.40219.1
Project("{FAE04EC0-301F-11D3-BF4B-00C04F79EFBC}") = "UI", "UI\UI.csproj", "{43D4AB51-80F8-40E0-8DAB-5FCF610BEA6E}"
EndProject
Project("{FAE04EC0-301F-11D3-BF4B-00C04F79EFBC}") = "Domain", "Domain\Domain.csproj", "{7EBFF882-E5A1-4C9A-BE49-0C6A9C175A1E}"
EndProject
Project("{FAE04EC0-301F-11D3-BF4B-00C04F79EFBC}") = "DataAccess", "DataAccess\DataAccess.csproj", "{5F45313B-ED42-4E0B-98F6-C88218514B5E}"
EndProject
Project("{FAE04EC0-301F-11D3-BF4B-00C04F79EFBC}") = "Controllers", "Controllers\Controllers.csproj", "{7E81E136-1E74-413F-87FC-BFF6E0AF2201}"
EndProject
Project("{FAE04EC0-301F-11D3-BF4B-00C04F79EFBC}") = "UnitTestProject1", "UnitTestProject1\UnitTestProject1.csproj", "{49126209-9769-4529-BD20-74A32946731E}"
EndProject
Global
	GlobalSection(SolutionConfigurationPlatforms) = preSolution
		Debug|Any CPU = Debug|Any CPU
		Release|Any CPU = Release|Any CPU
	EndGlobalSection
	GlobalSection(ProjectConfigurationPlatforms) = postSolution
		{43D4AB51-80F8-40E0-8DAB-5FCF610BEA6E}.Debug|Any CPU.ActiveCfg = Debug|Any CPU
		{43D4AB51-80F8-40E0-8DAB-5FCF610BEA6E}.Debug|Any CPU.Build.0 = Debug|Any CPU
		{43D4AB51-80F8-40E0-8DAB-5FCF610BEA6E}.Release|Any CPU.ActiveCfg = Release|Any CPU
		{43D4AB51-80F8-40E0-8DAB-5FCF610BEA6E}.Release|Any CPU.Build.0 = Release|Any CPU
		{7EBFF882-E5A1-4C9A-BE49-0C6A9C175A1E}.Debug|Any CPU.ActiveCfg = Debug|Any CPU
		{7EBFF882-E5A1-4C9A-BE49-0C6A9C175A1E}.Debug|Any CPU.Build.0 = Debug|Any CPU
		{7EBFF882-E5A1-4C9A-BE49-0C6A9C175A1E}.Release|Any CPU.ActiveCfg = Release|Any CPU
		{7EBFF882-E5A1-4C9A-BE49-0C6A9C175A1E}.Release|Any CPU.Build.0 = Release|Any CPU
		{5F45313B-ED42-4E0B-98F6-C88218514B5E}.Debug|Any CPU.ActiveCfg = Debug|Any CPU
		{5F45313B-ED42-4E0B-98F6-C88218514B5E}.Debug|Any CPU.Build.0 = Debug|Any CPU
		{5F45313B-ED42-4E0B-98F6-C88218514B5E}.Release|Any CPU.ActiveCfg = Release|Any CPU
		{5F45313B-ED42-4E0B-98F6-C88218514B5E}.Release|Any CPU.Build.0 = Release|Any CPU
		{7E81E136-1E74-413F-87FC-BFF6E0AF2201}.Debug|Any CPU.ActiveCfg = Debug|Any CPU
		{7E81E136-1E74-413F-87FC-BFF6E0AF2201}.Debug|Any CPU.Build.0 = Debug|Any CPU
		{7E81E136-1E74-413F-87FC-BFF6E0AF2201}.Release|Any CPU.ActiveCfg = Release|Any CPU
		{7E81E136-1E74-413F-87FC-BFF6E0AF2201}.Release|Any CPU.Build.0 = Release|Any CPU
		{49126209-9769-4529-BD20-74A32946731E}.Debug|Any CPU.ActiveCfg = Debug|Any CPU
		{49126209-9769-4529-BD20-74A32946731E}.Debug|Any CPU.Build.0 = Debug|Any CPU
		{49126209-9769-4529-BD20-74A32946731E}.Release|Any CPU.ActiveCfg = Release|Any CPU
		{49126209-9769-4529-BD20-74A32946731E}.Release|Any CPU.Build.0 = Release|Any CPU
	EndGlobalSection
	GlobalSection(SolutionProperties) = preSolution
		HideSolutionNode = FALSE
	EndGlobalSection
	GlobalSection(ExtensibilityGlobals) = postSolution
		SolutionGuid = {5DB175D3-7A09-4062-BE73-8612D85A2094}
	EndGlobalSection
EndGlobal
